
Microsoft Visual Studio Solution File, Format Version 12.00
# Visual Studio Version 16
VisualStudioVersion = 16.0.32126.315
MinimumVisualStudioVersion = 10.0.40219.1
Project("{FAE04EC0-301F-11D3-BF4B-00C04F79EFBC}") = "ASCIIengine", "ASCIIengine\ASCIIengine.csproj", "{8C6C7055-144D-4C13-94FF-7B8EC1E93E02}"
EndProject
Global
	GlobalSection(SolutionConfigurationPlatforms) = preSolution
		Debug|Any CPU = Debug|Any CPU
		Release|Any CPU = Release|Any CPU
	EndGlobalSection
	GlobalSection(ProjectConfigurationPlatforms) = postSolution
		{8C6C7055-144D-4C13-94FF-7B8EC1E93E02}.Debug|Any CPU.ActiveCfg = Debug|Any CPU
		{8C6C7055-144D-4C13-94FF-7B8EC1E93E02}.Debug|Any CPU.Build.0 = Debug|Any CPU
		{8C6C7055-144D-4C13-94FF-7B8EC1E93E02}.Release|Any CPU.ActiveCfg = Release|Any CPU
		{8C6C7055-144D-4C13-94FF-7B8EC1E93E02}.Release|Any CPU.Build.0 = Release|Any CPU
	EndGlobalSection
	GlobalSection(SolutionProperties) = preSolution
		HideSolutionNode = FALSE
	EndGlobalSection
	GlobalSection(ExtensibilityGlobals) = postSolution
		SolutionGuid = {22C70584-C1E9-408A-B819-1587F841EA9B}
	EndGlobalSection
EndGlobal
